
Microsoft Visual Studio Solution File, Format Version 12.00
# Visual Studio Version 17
VisualStudioVersion = 17.0.32126.317
MinimumVisualStudioVersion = 10.0.40219.1
Project("{FAE04EC0-301F-11D3-BF4B-00C04F79EFBC}") = "Navigation.Android", "Navigation\Navigation.Android\Navigation.Android.csproj", "{4A9B01E6-C539-4486-A9CF-78915BD85E4B}"
EndProject
Project("{FAE04EC0-301F-11D3-BF4B-00C04F79EFBC}") = "Navigation", "Navigation\Navigation\Navigation.csproj", "{ABB89D60-F64A-42E6-AAC4-229D4D37AF83}"
EndProject
Global
	GlobalSection(SolutionConfigurationPlatforms) = preSolution
		Debug|Any CPU = Debug|Any CPU
		Release|Any CPU = Release|Any CPU
	EndGlobalSection
	GlobalSection(ProjectConfigurationPlatforms) = postSolution
		{4A9B01E6-C539-4486-A9CF-78915BD85E4B}.Debug|Any CPU.ActiveCfg = Debug|Any CPU
		{4A9B01E6-C539-4486-A9CF-78915BD85E4B}.Debug|Any CPU.Build.0 = Debug|Any CPU
		{4A9B01E6-C539-4486-A9CF-78915BD85E4B}.Debug|Any CPU.Deploy.0 = Debug|Any CPU
		{4A9B01E6-C539-4486-A9CF-78915BD85E4B}.Release|Any CPU.ActiveCfg = Release|Any CPU
		{4A9B01E6-C539-4486-A9CF-78915BD85E4B}.Release|Any CPU.Build.0 = Release|Any CPU
		{4A9B01E6-C539-4486-A9CF-78915BD85E4B}.Release|Any CPU.Deploy.0 = Release|Any CPU
		{ABB89D60-F64A-42E6-AAC4-229D4D37AF83}.Debug|Any CPU.ActiveCfg = Debug|Any CPU
		{ABB89D60-F64A-42E6-AAC4-229D4D37AF83}.Debug|Any CPU.Build.0 = Debug|Any CPU
		{ABB89D60-F64A-42E6-AAC4-229D4D37AF83}.Debug|Any CPU.Deploy.0 = Debug|Any CPU
		{ABB89D60-F64A-42E6-AAC4-229D4D37AF83}.Release|Any CPU.ActiveCfg = Release|Any CPU
		{ABB89D60-F64A-42E6-AAC4-229D4D37AF83}.Release|Any CPU.Build.0 = Release|Any CPU
		{ABB89D60-F64A-42E6-AAC4-229D4D37AF83}.Release|Any CPU.Deploy.0 = Release|Any CPU
	EndGlobalSection
	GlobalSection(SolutionProperties) = preSolution
		HideSolutionNode = FALSE
	EndGlobalSection
	GlobalSection(ExtensibilityGlobals) = postSolution
		SolutionGuid = {EF06A143-A590-4CA5-ACCF-BCB1D0AA62F2}
	EndGlobalSection
EndGlobal
