
Microsoft Visual Studio Solution File, Format Version 12.00
# Visual Studio Version 16
VisualStudioVersion = 16.0.32106.194
MinimumVisualStudioVersion = 10.0.40219.1
Project("{FAE04EC0-301F-11D3-BF4B-00C04F79EFBC}") = "XamarinFormsUvod.UWP", "XamarinFormsUvod\XamarinFormsUvod.UWP\XamarinFormsUvod.UWP.csproj", "{9C29B69D-FF80-4EB4-BFF9-5373F258206E}"
EndProject
Project("{FAE04EC0-301F-11D3-BF4B-00C04F79EFBC}") = "XamarinFormsUvod.Android", "XamarinFormsUvod\XamarinFormsUvod.Android\XamarinFormsUvod.Android.csproj", "{8339E9FC-4CC6-4010-8951-92A7C8577256}"
EndProject
Project("{FAE04EC0-301F-11D3-BF4B-00C04F79EFBC}") = "XamarinFormsUvod", "XamarinFormsUvod\XamarinFormsUvod\XamarinFormsUvod.csproj", "{DA8ACC4C-0ABE-4369-BDCF-0B72454FA24E}"
EndProject
Global
	GlobalSection(SolutionConfigurationPlatforms) = preSolution
		Debug|Any CPU = Debug|Any CPU
		Debug|ARM = Debug|ARM
		Debug|x64 = Debug|x64
		Debug|x86 = Debug|x86
		Release|Any CPU = Release|Any CPU
		Release|ARM = Release|ARM
		Release|x64 = Release|x64
		Release|x86 = Release|x86
	EndGlobalSection
	GlobalSection(ProjectConfigurationPlatforms) = postSolution
		{9C29B69D-FF80-4EB4-BFF9-5373F258206E}.Debug|Any CPU.ActiveCfg = Debug|x86
		{9C29B69D-FF80-4EB4-BFF9-5373F258206E}.Debug|Any CPU.Build.0 = Debug|x86
		{9C29B69D-FF80-4EB4-BFF9-5373F258206E}.Debug|Any CPU.Deploy.0 = Debug|x86
		{9C29B69D-FF80-4EB4-BFF9-5373F258206E}.Debug|ARM.ActiveCfg = Debug|ARM
		{9C29B69D-FF80-4EB4-BFF9-5373F258206E}.Debug|ARM.Build.0 = Debug|ARM
		{9C29B69D-FF80-4EB4-BFF9-5373F258206E}.Debug|ARM.Deploy.0 = Debug|ARM
		{9C29B69D-FF80-4EB4-BFF9-5373F258206E}.Debug|x64.ActiveCfg = Debug|x64
		{9C29B69D-FF80-4EB4-BFF9-5373F258206E}.Debug|x64.Build.0 = Debug|x64
		{9C29B69D-FF80-4EB4-BFF9-5373F258206E}.Debug|x64.Deploy.0 = Debug|x64
		{9C29B69D-FF80-4EB4-BFF9-5373F258206E}.Debug|x86.ActiveCfg = Debug|x86
		{9C29B69D-FF80-4EB4-BFF9-5373F258206E}.Debug|x86.Build.0 = Debug|x86
		{9C29B69D-FF80-4EB4-BFF9-5373F258206E}.Debug|x86.Deploy.0 = Debug|x86
		{9C29B69D-FF80-4EB4-BFF9-5373F258206E}.Release|Any CPU.ActiveCfg = Release|x86
		{9C29B69D-FF80-4EB4-BFF9-5373F258206E}.Release|Any CPU.Build.0 = Release|x86
		{9C29B69D-FF80-4EB4-BFF9-5373F258206E}.Release|Any CPU.Deploy.0 = Release|x86
		{9C29B69D-FF80-4EB4-BFF9-5373F258206E}.Release|ARM.ActiveCfg = Release|ARM
		{9C29B69D-FF80-4EB4-BFF9-5373F258206E}.Release|ARM.Build.0 = Release|ARM
		{9C29B69D-FF80-4EB4-BFF9-5373F258206E}.Release|ARM.Deploy.0 = Release|ARM
		{9C29B69D-FF80-4EB4-BFF9-5373F258206E}.Release|x64.ActiveCfg = Release|x64
		{9C29B69D-FF80-4EB4-BFF9-5373F258206E}.Release|x64.Build.0 = Release|x64
		{9C29B69D-FF80-4EB4-BFF9-5373F258206E}.Release|x64.Deploy.0 = Release|x64
		{9C29B69D-FF80-4EB4-BFF9-5373F258206E}.Release|x86.ActiveCfg = Release|x86
		{9C29B69D-FF80-4EB4-BFF9-5373F258206E}.Release|x86.Build.0 = Release|x86
		{9C29B69D-FF80-4EB4-BFF9-5373F258206E}.Release|x86.Deploy.0 = Release|x86
		{8339E9FC-4CC6-4010-8951-92A7C8577256}.Debug|Any CPU.ActiveCfg = Debug|Any CPU
		{8339E9FC-4CC6-4010-8951-92A7C8577256}.Debug|Any CPU.Build.0 = Debug|Any CPU
		{8339E9FC-4CC6-4010-8951-92A7C8577256}.Debug|Any CPU.Deploy.0 = Debug|Any CPU
		{8339E9FC-4CC6-4010-8951-92A7C8577256}.Debug|ARM.ActiveCfg = Debug|Any CPU
		{8339E9FC-4CC6-4010-8951-92A7C8577256}.Debug|ARM.Build.0 = Debug|Any CPU
		{8339E9FC-4CC6-4010-8951-92A7C8577256}.Debug|ARM.Deploy.0 = Debug|Any CPU
		{8339E9FC-4CC6-4010-8951-92A7C8577256}.Debug|x64.ActiveCfg = Debug|Any CPU
		{8339E9FC-4CC6-4010-8951-92A7C8577256}.Debug|x64.Build.0 = Debug|Any CPU
		{8339E9FC-4CC6-4010-8951-92A7C8577256}.Debug|x64.Deploy.0 = Debug|Any CPU
		{8339E9FC-4CC6-4010-8951-92A7C8577256}.Debug|x86.ActiveCfg = Debug|Any CPU
		{8339E9FC-4CC6-4010-8951-92A7C8577256}.Debug|x86.Build.0 = Debug|Any CPU
		{8339E9FC-4CC6-4010-8951-92A7C8577256}.Debug|x86.Deploy.0 = Debug|Any CPU
		{8339E9FC-4CC6-4010-8951-92A7C8577256}.Release|Any CPU.ActiveCfg = Release|Any CPU
		{8339E9FC-4CC6-4010-8951-92A7C8577256}.Release|Any CPU.Build.0 = Release|Any CPU
		{8339E9FC-4CC6-4010-8951-92A7C8577256}.Release|Any CPU.Deploy.0 = Release|Any CPU
		{8339E9FC-4CC6-4010-8951-92A7C8577256}.Release|ARM.ActiveCfg = Release|Any CPU
		{8339E9FC-4CC6-4010-8951-92A7C8577256}.Release|ARM.Build.0 = Release|Any CPU
		{8339E9FC-4CC6-4010-8951-92A7C8577256}.Release|ARM.Deploy.0 = Release|Any CPU
		{8339E9FC-4CC6-4010-8951-92A7C8577256}.Release|x64.ActiveCfg = Release|Any CPU
		{8339E9FC-4CC6-4010-8951-92A7C8577256}.Release|x64.Build.0 = Release|Any CPU
		{8339E9FC-4CC6-4010-8951-92A7C8577256}.Release|x64.Deploy.0 = Release|Any CPU
		{8339E9FC-4CC6-4010-8951-92A7C8577256}.Release|x86.ActiveCfg = Release|Any CPU
		{8339E9FC-4CC6-4010-8951-92A7C8577256}.Release|x86.Build.0 = Release|Any CPU
		{8339E9FC-4CC6-4010-8951-92A7C8577256}.Release|x86.Deploy.0 = Release|Any CPU
		{DA8ACC4C-0ABE-4369-BDCF-0B72454FA24E}.Debug|Any CPU.ActiveCfg = Debug|Any CPU
		{DA8ACC4C-0ABE-4369-BDCF-0B72454FA24E}.Debug|Any CPU.Build.0 = Debug|Any CPU
		{DA8ACC4C-0ABE-4369-BDCF-0B72454FA24E}.Debug|Any CPU.Deploy.0 = Debug|Any CPU
		{DA8ACC4C-0ABE-4369-BDCF-0B72454FA24E}.Debug|ARM.ActiveCfg = Debug|Any CPU
		{DA8ACC4C-0ABE-4369-BDCF-0B72454FA24E}.Debug|ARM.Build.0 = Debug|Any CPU
		{DA8ACC4C-0ABE-4369-BDCF-0B72454FA24E}.Debug|ARM.Deploy.0 = Debug|Any CPU
		{DA8ACC4C-0ABE-4369-BDCF-0B72454FA24E}.Debug|x64.ActiveCfg = Debug|Any CPU
		{DA8ACC4C-0ABE-4369-BDCF-0B72454FA24E}.Debug|x64.Build.0 = Debug|Any CPU
		{DA8ACC4C-0ABE-4369-BDCF-0B72454FA24E}.Debug|x64.Deploy.0 = Debug|Any CPU
		{DA8ACC4C-0ABE-4369-BDCF-0B72454FA24E}.Debug|x86.ActiveCfg = Debug|Any CPU
		{DA8ACC4C-0ABE-4369-BDCF-0B72454FA24E}.Debug|x86.Build.0 = Debug|Any CPU
		{DA8ACC4C-0ABE-4369-BDCF-0B72454FA24E}.Debug|x86.Deploy.0 = Debug|Any CPU
		{DA8ACC4C-0ABE-4369-BDCF-0B72454FA24E}.Release|Any CPU.ActiveCfg = Release|Any CPU
		{DA8ACC4C-0ABE-4369-BDCF-0B72454FA24E}.Release|Any CPU.Build.0 = Release|Any CPU
		{DA8ACC4C-0ABE-4369-BDCF-0B72454FA24E}.Release|Any CPU.Deploy.0 = Release|Any CPU
		{DA8ACC4C-0ABE-4369-BDCF-0B72454FA24E}.Release|ARM.ActiveCfg = Release|Any CPU
		{DA8ACC4C-0ABE-4369-BDCF-0B72454FA24E}.Release|ARM.Build.0 = Release|Any CPU
		{DA8ACC4C-0ABE-4369-BDCF-0B72454FA24E}.Release|ARM.Deploy.0 = Release|Any CPU
		{DA8ACC4C-0ABE-4369-BDCF-0B72454FA24E}.Release|x64.ActiveCfg = Release|Any CPU
		{DA8ACC4C-0ABE-4369-BDCF-0B72454FA24E}.Release|x64.Build.0 = Release|Any CPU
		{DA8ACC4C-0ABE-4369-BDCF-0B72454FA24E}.Release|x64.Deploy.0 = Release|Any CPU
		{DA8ACC4C-0ABE-4369-BDCF-0B72454FA24E}.Release|x86.ActiveCfg = Release|Any CPU
		{DA8ACC4C-0ABE-4369-BDCF-0B72454FA24E}.Release|x86.Build.0 = Release|Any CPU
		{DA8ACC4C-0ABE-4369-BDCF-0B72454FA24E}.Release|x86.Deploy.0 = Release|Any CPU
	EndGlobalSection
	GlobalSection(SolutionProperties) = preSolution
		HideSolutionNode = FALSE
	EndGlobalSection
	GlobalSection(ExtensibilityGlobals) = postSolution
		SolutionGuid = {4E00ED6B-1522-4D81-A66A-26E7F01E7042}
	EndGlobalSection
EndGlobal
