
Microsoft Visual Studio Solution File, Format Version 12.00
# Visual Studio Version 16
VisualStudioVersion = 16.0.32106.194
MinimumVisualStudioVersion = 10.0.40219.1
Project("{FAE04EC0-301F-11D3-BF4B-00C04F79EFBC}") = "CalculatorMobApp.Android", "CalculatorMobApp.Android\CalculatorMobApp.Android.csproj", "{8D60919C-5B48-4FAC-ADF7-711E1E9C2504}"
EndProject
Project("{FAE04EC0-301F-11D3-BF4B-00C04F79EFBC}") = "CalculatorMobApp", "CalculatorMobApp\CalculatorMobApp.csproj", "{5617C581-E0E1-489C-B12D-6F52E18BC0DE}"
EndProject
Global
	GlobalSection(SolutionConfigurationPlatforms) = preSolution
		Debug|Any CPU = Debug|Any CPU
		Release|Any CPU = Release|Any CPU
	EndGlobalSection
	GlobalSection(ProjectConfigurationPlatforms) = postSolution
		{8D60919C-5B48-4FAC-ADF7-711E1E9C2504}.Debug|Any CPU.ActiveCfg = Debug|Any CPU
		{8D60919C-5B48-4FAC-ADF7-711E1E9C2504}.Debug|Any CPU.Build.0 = Debug|Any CPU
		{8D60919C-5B48-4FAC-ADF7-711E1E9C2504}.Debug|Any CPU.Deploy.0 = Debug|Any CPU
		{8D60919C-5B48-4FAC-ADF7-711E1E9C2504}.Release|Any CPU.ActiveCfg = Release|Any CPU
		{8D60919C-5B48-4FAC-ADF7-711E1E9C2504}.Release|Any CPU.Build.0 = Release|Any CPU
		{8D60919C-5B48-4FAC-ADF7-711E1E9C2504}.Release|Any CPU.Deploy.0 = Release|Any CPU
		{5617C581-E0E1-489C-B12D-6F52E18BC0DE}.Debug|Any CPU.ActiveCfg = Debug|Any CPU
		{5617C581-E0E1-489C-B12D-6F52E18BC0DE}.Debug|Any CPU.Build.0 = Debug|Any CPU
		{5617C581-E0E1-489C-B12D-6F52E18BC0DE}.Debug|Any CPU.Deploy.0 = Debug|Any CPU
		{5617C581-E0E1-489C-B12D-6F52E18BC0DE}.Release|Any CPU.ActiveCfg = Release|Any CPU
		{5617C581-E0E1-489C-B12D-6F52E18BC0DE}.Release|Any CPU.Build.0 = Release|Any CPU
		{5617C581-E0E1-489C-B12D-6F52E18BC0DE}.Release|Any CPU.Deploy.0 = Release|Any CPU
	EndGlobalSection
	GlobalSection(SolutionProperties) = preSolution
		HideSolutionNode = FALSE
	EndGlobalSection
	GlobalSection(ExtensibilityGlobals) = postSolution
		SolutionGuid = {5606FCB4-5742-41C7-B38E-BC2865E5678C}
	EndGlobalSection
EndGlobal
