
Microsoft Visual Studio Solution File, Format Version 12.00
# Visual Studio Version 17
VisualStudioVersion = 17.0.32126.317
MinimumVisualStudioVersion = 10.0.40219.1
Project("{FAE04EC0-301F-11D3-BF4B-00C04F79EFBC}") = "NotesApp.Android", "NotesApp\NotesApp.Android\NotesApp.Android.csproj", "{F5B11B57-32C3-427C-A170-FF2CE0226F44}"
EndProject
Project("{FAE04EC0-301F-11D3-BF4B-00C04F79EFBC}") = "NotesApp", "NotesApp\NotesApp\NotesApp.csproj", "{13A026A2-884B-45BD-904B-814FBE458295}"
EndProject
Global
	GlobalSection(SolutionConfigurationPlatforms) = preSolution
		Debug|Any CPU = Debug|Any CPU
		Release|Any CPU = Release|Any CPU
	EndGlobalSection
	GlobalSection(ProjectConfigurationPlatforms) = postSolution
		{F5B11B57-32C3-427C-A170-FF2CE0226F44}.Debug|Any CPU.ActiveCfg = Debug|Any CPU
		{F5B11B57-32C3-427C-A170-FF2CE0226F44}.Debug|Any CPU.Build.0 = Debug|Any CPU
		{F5B11B57-32C3-427C-A170-FF2CE0226F44}.Debug|Any CPU.Deploy.0 = Debug|Any CPU
		{F5B11B57-32C3-427C-A170-FF2CE0226F44}.Release|Any CPU.ActiveCfg = Release|Any CPU
		{F5B11B57-32C3-427C-A170-FF2CE0226F44}.Release|Any CPU.Build.0 = Release|Any CPU
		{F5B11B57-32C3-427C-A170-FF2CE0226F44}.Release|Any CPU.Deploy.0 = Release|Any CPU
		{13A026A2-884B-45BD-904B-814FBE458295}.Debug|Any CPU.ActiveCfg = Debug|Any CPU
		{13A026A2-884B-45BD-904B-814FBE458295}.Debug|Any CPU.Build.0 = Debug|Any CPU
		{13A026A2-884B-45BD-904B-814FBE458295}.Debug|Any CPU.Deploy.0 = Debug|Any CPU
		{13A026A2-884B-45BD-904B-814FBE458295}.Release|Any CPU.ActiveCfg = Release|Any CPU
		{13A026A2-884B-45BD-904B-814FBE458295}.Release|Any CPU.Build.0 = Release|Any CPU
		{13A026A2-884B-45BD-904B-814FBE458295}.Release|Any CPU.Deploy.0 = Release|Any CPU
	EndGlobalSection
	GlobalSection(SolutionProperties) = preSolution
		HideSolutionNode = FALSE
	EndGlobalSection
	GlobalSection(ExtensibilityGlobals) = postSolution
		SolutionGuid = {CAB0F24E-82FB-4BCE-90CE-0857C3C24A40}
	EndGlobalSection
EndGlobal
