
Microsoft Visual Studio Solution File, Format Version 12.00
# Visual Studio Version 16
VisualStudioVersion = 16.0.32106.194
MinimumVisualStudioVersion = 10.0.40219.1
Project("{FAE04EC0-301F-11D3-BF4B-00C04F79EFBC}") = "CalculatorMobileApp.Android", "CalculatorMobileApp.Android\CalculatorMobileApp.Android.csproj", "{709D250F-2E57-4C9B-84FE-86C2BBB343C5}"
EndProject
Project("{FAE04EC0-301F-11D3-BF4B-00C04F79EFBC}") = "CalculatorMobileApp", "CalculatorMobileApp\CalculatorMobileApp.csproj", "{8F7FEBA8-96D2-46B0-A917-1AA84DD225A2}"
EndProject
Global
	GlobalSection(SolutionConfigurationPlatforms) = preSolution
		Debug|Any CPU = Debug|Any CPU
		Release|Any CPU = Release|Any CPU
	EndGlobalSection
	GlobalSection(ProjectConfigurationPlatforms) = postSolution
		{709D250F-2E57-4C9B-84FE-86C2BBB343C5}.Debug|Any CPU.ActiveCfg = Debug|Any CPU
		{709D250F-2E57-4C9B-84FE-86C2BBB343C5}.Debug|Any CPU.Build.0 = Debug|Any CPU
		{709D250F-2E57-4C9B-84FE-86C2BBB343C5}.Debug|Any CPU.Deploy.0 = Debug|Any CPU
		{709D250F-2E57-4C9B-84FE-86C2BBB343C5}.Release|Any CPU.ActiveCfg = Release|Any CPU
		{709D250F-2E57-4C9B-84FE-86C2BBB343C5}.Release|Any CPU.Build.0 = Release|Any CPU
		{709D250F-2E57-4C9B-84FE-86C2BBB343C5}.Release|Any CPU.Deploy.0 = Release|Any CPU
		{8F7FEBA8-96D2-46B0-A917-1AA84DD225A2}.Debug|Any CPU.ActiveCfg = Debug|Any CPU
		{8F7FEBA8-96D2-46B0-A917-1AA84DD225A2}.Debug|Any CPU.Build.0 = Debug|Any CPU
		{8F7FEBA8-96D2-46B0-A917-1AA84DD225A2}.Debug|Any CPU.Deploy.0 = Debug|Any CPU
		{8F7FEBA8-96D2-46B0-A917-1AA84DD225A2}.Release|Any CPU.ActiveCfg = Release|Any CPU
		{8F7FEBA8-96D2-46B0-A917-1AA84DD225A2}.Release|Any CPU.Build.0 = Release|Any CPU
		{8F7FEBA8-96D2-46B0-A917-1AA84DD225A2}.Release|Any CPU.Deploy.0 = Release|Any CPU
	EndGlobalSection
	GlobalSection(SolutionProperties) = preSolution
		HideSolutionNode = FALSE
	EndGlobalSection
	GlobalSection(ExtensibilityGlobals) = postSolution
		SolutionGuid = {B9D30A68-3318-4EF1-8305-044BB881E757}
	EndGlobalSection
EndGlobal
